
Microsoft Visual Studio Solution File, Format Version 12.00
# Visual Studio Version 17
VisualStudioVersion = 17.14.36518.9 d17.14
MinimumVisualStudioVersion = 10.0.40219.1
Project("{8BC9CEB8-8B4A-11D0-8D11-00A0C91BC942}") = "Bank_Project_Cpp_Beta", "Bank_Project_Cpp_Beta.vcxproj", "{4E28A6D8-6E6D-4476-A35A-CAF1A1262793}"
EndProject
Global
	GlobalSection(SolutionConfigurationPlatforms) = preSolution
		Debug|x64 = Debug|x64
		Debug|x86 = Debug|x86
		Release|x64 = Release|x64
		Release|x86 = Release|x86
	EndGlobalSection
	GlobalSection(ProjectConfigurationPlatforms) = postSolution
		{4E28A6D8-6E6D-4476-A35A-CAF1A1262793}.Debug|x64.ActiveCfg = Debug|x64
		{4E28A6D8-6E6D-4476-A35A-CAF1A1262793}.Debug|x64.Build.0 = Debug|x64
		{4E28A6D8-6E6D-4476-A35A-CAF1A1262793}.Debug|x86.ActiveCfg = Debug|Win32
		{4E28A6D8-6E6D-4476-A35A-CAF1A1262793}.Debug|x86.Build.0 = Debug|Win32
		{4E28A6D8-6E6D-4476-A35A-CAF1A1262793}.Release|x64.ActiveCfg = Release|x64
		{4E28A6D8-6E6D-4476-A35A-CAF1A1262793}.Release|x64.Build.0 = Release|x64
		{4E28A6D8-6E6D-4476-A35A-CAF1A1262793}.Release|x86.ActiveCfg = Release|Win32
		{4E28A6D8-6E6D-4476-A35A-CAF1A1262793}.Release|x86.Build.0 = Release|Win32
	EndGlobalSection
	GlobalSection(SolutionProperties) = preSolution
		HideSolutionNode = FALSE
	EndGlobalSection
	GlobalSection(ExtensibilityGlobals) = postSolution
		SolutionGuid = {DF65A4C6-BCAB-44B8-ABA5-9AFE1CB76D73}
	EndGlobalSection
EndGlobal
